
Microsoft Visual Studio Solution File, Format Version 12.00
# Visual Studio 14
VisualStudioVersion = 14.0.23107.0
MinimumVisualStudioVersion = 10.0.40219.1
Project("{2150E333-8FDC-42A3-9474-1A3956D46DE8}") = "Solution Items", "Solution Items", "{2CF4F311-2C16-45C9-9509-6EC775006AB8}"
	ProjectSection(SolutionItems) = preProject
		BigEgg.Core.Extension.nuspec = BigEgg.Core.Extension.nuspec
		BigEgg.Core.nuspec = BigEgg.Core.nuspec
		BigEgg.Core.UnitTesting.nuspec = BigEgg.Core.UnitTesting.nuspec
	EndProjectSection
EndProject
Project("{2150E333-8FDC-42A3-9474-1A3956D46DE8}") = "Framework", "Framework", "{BB6E29FC-3E94-492C-82E2-1688207CF0C4}"
EndProject
Project("{2150E333-8FDC-42A3-9474-1A3956D46DE8}") = "Skins", "Skins", "{56E8733C-E46A-4133-9D57-D054E8BE0BC3}"
EndProject
Project("{FAE04EC0-301F-11D3-BF4B-00C04F79EFBC}") = "BigEgg.Framework", "Framework\BigEgg.Framework\BigEgg.Framework.csproj", "{86969290-3921-4D3E-9168-0380D55B547A}"
EndProject
Project("{FAE04EC0-301F-11D3-BF4B-00C04F79EFBC}") = "BigEgg.UnitTesting", "BigEgg.UnitTesting\BigEgg.UnitTesting.csproj", "{20069404-1E1C-4F1A-87D7-3D5B111745C2}"
EndProject
Project("{FAE04EC0-301F-11D3-BF4B-00C04F79EFBC}") = "BigEgg.Skins.BlackSkin", "Skins\BigEgg.Skins.BlackSkin\BigEgg.Skins.BlackSkin.csproj", "{CE4661CE-ECC6-4A10-9E3E-CFD1E9C01DFE}"
EndProject
Project("{FAE04EC0-301F-11D3-BF4B-00C04F79EFBC}") = "BigEgg.Framework.CodeSnippets", "Framework\BigEgg.Framework.CodeSnippets\BigEgg.Framework.CodeSnippets.csproj", "{CEB8E430-5709-4248-8E12-7ABC4924D5DE}"
EndProject
Project("{2150E333-8FDC-42A3-9474-1A3956D46DE8}") = "Logging", "Logging", "{F080A2E3-3100-4F67-BD5D-DA5CB37E8B45}"
EndProject
Project("{FAE04EC0-301F-11D3-BF4B-00C04F79EFBC}") = "BigEgg.Logging", "Logging\BigEgg.Logging\BigEgg.Logging.csproj", "{ABB6E42D-9093-4128-8574-B05062A14B27}"
EndProject
Project("{FAE04EC0-301F-11D3-BF4B-00C04F79EFBC}") = "BigEgg.Logging.EmptyLogger", "Logging\BigEgg.Logging.EmptyLogger\BigEgg.Logging.EmptyLogger.csproj", "{131EB5F0-B1F1-4065-93F3-7360027AB113}"
EndProject
Project("{FAE04EC0-301F-11D3-BF4B-00C04F79EFBC}") = "BigEgg.Logging.TraceLogger", "Logging\BigEgg.Logging.TraceLogger\BigEgg.Logging.TraceLogger.csproj", "{86357D25-164B-4271-8438-5A9352EBFC8B}"
EndProject
Project("{FAE04EC0-301F-11D3-BF4B-00C04F79EFBC}") = "BigEgg.Skins.Future", "Skins\BigEgg.Skins.Future\BigEgg.Skins.Future.csproj", "{9D22D551-BF7D-43FC-9957-ACD65D1E6A50}"
EndProject
Project("{FAE04EC0-301F-11D3-BF4B-00C04F79EFBC}") = "BigEgg.UnitTesting.Test", "BigEgg.UnitTesting.Test\BigEgg.UnitTesting.Test.csproj", "{1D4BF146-5C72-4D49-8D03-E8ED6CC2EC8B}"
EndProject
Project("{FAE04EC0-301F-11D3-BF4B-00C04F79EFBC}") = "BigEgg.Logging.TextLogger", "Logging\BigEgg.Logging.TextLogger\BigEgg.Logging.TextLogger.csproj", "{6FD73310-9702-4DE3-8722-C2E0736A7052}"
EndProject
Project("{FAE04EC0-301F-11D3-BF4B-00C04F79EFBC}") = "BigEgg.Logging.TextWithCacheLogger", "Logging\BigEgg.Logging.TextWithCacheLogger\BigEgg.Logging.TextWithCacheLogger.csproj", "{9EB27D02-510D-45B5-BDE1-24D58BEB8A86}"
EndProject
Project("{FAE04EC0-301F-11D3-BF4B-00C04F79EFBC}") = "BigEgg.Logging.RtfLogger", "Logging\BigEgg.Logging.RTFLogger\BigEgg.Logging.RtfLogger.csproj", "{124D3829-5D87-46C5-81C8-47B04FF5797B}"
EndProject
Project("{FAE04EC0-301F-11D3-BF4B-00C04F79EFBC}") = "BigEgg.Logging.RtfWithCacheLogger", "Logging\BigEgg.Logging.RTFWithCacheLogger\BigEgg.Logging.RtfWithCacheLogger.csproj", "{F77FE5C3-6D2F-4B50-A4D6-6134C2AD5954}"
EndProject
Project("{FAE04EC0-301F-11D3-BF4B-00C04F79EFBC}") = "BigEgg.Algorithm", "BigEgg.Algorithm\BigEgg.Algorithm.csproj", "{74169EC1-3D46-4BB4-989F-80B11A782308}"
EndProject
Project("{FAE04EC0-301F-11D3-BF4B-00C04F79EFBC}") = "BigEgg.Algorithm.Test", "BigEgg.Algorithm.Test\BigEgg.Algorithm.Test.csproj", "{970B8004-794A-45A9-89BF-1DA677F2FC68}"
EndProject
Project("{FAE04EC0-301F-11D3-BF4B-00C04F79EFBC}") = "BigEgg.Framework.Applications", "Framework\BigEgg.Framework.Applications\BigEgg.Framework.Applications.csproj", "{AC6AD921-828C-484F-B746-BACFEC5CD856}"
EndProject
Project("{FAE04EC0-301F-11D3-BF4B-00C04F79EFBC}") = "BigEgg.Framework.Applications.Extensions", "Framework\BigEgg.Framework.Applications.Extensions\BigEgg.Framework.Applications.Extensions.csproj", "{1E1D74D2-0A2F-4C10-A3E3-B9F1F6D8E3E1}"
EndProject
Project("{FAE04EC0-301F-11D3-BF4B-00C04F79EFBC}") = "BigEgg.Framework.Applications.Extensions.Test", "Framework\BigEgg.Framework.Applications.Extensions.Test\BigEgg.Framework.Applications.Extensions.Test.csproj", "{4164FEBA-40CF-43C8-B055-AB13A78AD1A4}"
EndProject
Project("{FAE04EC0-301F-11D3-BF4B-00C04F79EFBC}") = "BigEgg.Framework.Applications.Test", "Framework\BigEgg.Framework.Applications.Test\BigEgg.Framework.Applications.Test.csproj", "{002F1AE2-64D0-40B3-9BE8-337C1C8944B1}"
EndProject
Project("{FAE04EC0-301F-11D3-BF4B-00C04F79EFBC}") = "BigEgg.Framework.Applications.UnitTesting", "Framework\BigEgg.Framework.Applications.UnitTest\BigEgg.Framework.Applications.UnitTesting.csproj", "{9C8D53DD-FE21-4142-802B-25FCE61CD2A5}"
EndProject
Project("{FAE04EC0-301F-11D3-BF4B-00C04F79EFBC}") = "BigEgg.Framework.Test", "Framework\BigEgg.Framework.Test\BigEgg.Framework.Test.csproj", "{6EB11F48-D4B9-4492-83FA-C413728AC0A3}"
EndProject
Project("{FAE04EC0-301F-11D3-BF4B-00C04F79EFBC}") = "BigEgg.Framework.Presentation", "Framework\BigEgg.Framework.Presentation\BigEgg.Framework.Presentation.csproj", "{DFA186EB-7AA2-4D1C-8070-887700DF8DD9}"
EndProject
Global
	GlobalSection(SolutionConfigurationPlatforms) = preSolution
		Debug|Any CPU = Debug|Any CPU
		Debug|Mixed Platforms = Debug|Mixed Platforms
		Debug|Win32 = Debug|Win32
		Release|Any CPU = Release|Any CPU
		Release|Mixed Platforms = Release|Mixed Platforms
		Release|Win32 = Release|Win32
	EndGlobalSection
	GlobalSection(ProjectConfigurationPlatforms) = postSolution
		{86969290-3921-4D3E-9168-0380D55B547A}.Debug|Any CPU.ActiveCfg = Debug|Any CPU
		{86969290-3921-4D3E-9168-0380D55B547A}.Debug|Any CPU.Build.0 = Debug|Any CPU
		{86969290-3921-4D3E-9168-0380D55B547A}.Debug|Mixed Platforms.ActiveCfg = Debug|Any CPU
		{86969290-3921-4D3E-9168-0380D55B547A}.Debug|Mixed Platforms.Build.0 = Debug|Any CPU
		{86969290-3921-4D3E-9168-0380D55B547A}.Debug|Win32.ActiveCfg = Debug|Any CPU
		{86969290-3921-4D3E-9168-0380D55B547A}.Release|Any CPU.ActiveCfg = Release|Any CPU
		{86969290-3921-4D3E-9168-0380D55B547A}.Release|Any CPU.Build.0 = Release|Any CPU
		{86969290-3921-4D3E-9168-0380D55B547A}.Release|Mixed Platforms.ActiveCfg = Release|Any CPU
		{86969290-3921-4D3E-9168-0380D55B547A}.Release|Mixed Platforms.Build.0 = Release|Any CPU
		{86969290-3921-4D3E-9168-0380D55B547A}.Release|Win32.ActiveCfg = Release|Any CPU
		{20069404-1E1C-4F1A-87D7-3D5B111745C2}.Debug|Any CPU.ActiveCfg = Debug|Any CPU
		{20069404-1E1C-4F1A-87D7-3D5B111745C2}.Debug|Any CPU.Build.0 = Debug|Any CPU
		{20069404-1E1C-4F1A-87D7-3D5B111745C2}.Debug|Mixed Platforms.ActiveCfg = Debug|Any CPU
		{20069404-1E1C-4F1A-87D7-3D5B111745C2}.Debug|Mixed Platforms.Build.0 = Debug|Any CPU
		{20069404-1E1C-4F1A-87D7-3D5B111745C2}.Debug|Win32.ActiveCfg = Debug|Any CPU
		{20069404-1E1C-4F1A-87D7-3D5B111745C2}.Release|Any CPU.ActiveCfg = Release|Any CPU
		{20069404-1E1C-4F1A-87D7-3D5B111745C2}.Release|Any CPU.Build.0 = Release|Any CPU
		{20069404-1E1C-4F1A-87D7-3D5B111745C2}.Release|Mixed Platforms.ActiveCfg = Release|Any CPU
		{20069404-1E1C-4F1A-87D7-3D5B111745C2}.Release|Mixed Platforms.Build.0 = Release|Any CPU
		{20069404-1E1C-4F1A-87D7-3D5B111745C2}.Release|Win32.ActiveCfg = Release|Any CPU
		{CE4661CE-ECC6-4A10-9E3E-CFD1E9C01DFE}.Debug|Any CPU.ActiveCfg = Debug|Any CPU
		{CE4661CE-ECC6-4A10-9E3E-CFD1E9C01DFE}.Debug|Any CPU.Build.0 = Debug|Any CPU
		{CE4661CE-ECC6-4A10-9E3E-CFD1E9C01DFE}.Debug|Mixed Platforms.ActiveCfg = Debug|Any CPU
		{CE4661CE-ECC6-4A10-9E3E-CFD1E9C01DFE}.Debug|Mixed Platforms.Build.0 = Debug|Any CPU
		{CE4661CE-ECC6-4A10-9E3E-CFD1E9C01DFE}.Debug|Win32.ActiveCfg = Debug|Any CPU
		{CE4661CE-ECC6-4A10-9E3E-CFD1E9C01DFE}.Release|Any CPU.ActiveCfg = Release|Any CPU
		{CE4661CE-ECC6-4A10-9E3E-CFD1E9C01DFE}.Release|Any CPU.Build.0 = Release|Any CPU
		{CE4661CE-ECC6-4A10-9E3E-CFD1E9C01DFE}.Release|Mixed Platforms.ActiveCfg = Release|Any CPU
		{CE4661CE-ECC6-4A10-9E3E-CFD1E9C01DFE}.Release|Mixed Platforms.Build.0 = Release|Any CPU
		{CE4661CE-ECC6-4A10-9E3E-CFD1E9C01DFE}.Release|Win32.ActiveCfg = Release|Any CPU
		{CEB8E430-5709-4248-8E12-7ABC4924D5DE}.Debug|Any CPU.ActiveCfg = Debug|Any CPU
		{CEB8E430-5709-4248-8E12-7ABC4924D5DE}.Debug|Any CPU.Build.0 = Debug|Any CPU
		{CEB8E430-5709-4248-8E12-7ABC4924D5DE}.Debug|Mixed Platforms.ActiveCfg = Debug|Any CPU
		{CEB8E430-5709-4248-8E12-7ABC4924D5DE}.Debug|Mixed Platforms.Build.0 = Debug|Any CPU
		{CEB8E430-5709-4248-8E12-7ABC4924D5DE}.Debug|Win32.ActiveCfg = Debug|Any CPU
		{CEB8E430-5709-4248-8E12-7ABC4924D5DE}.Release|Any CPU.ActiveCfg = Release|Any CPU
		{CEB8E430-5709-4248-8E12-7ABC4924D5DE}.Release|Any CPU.Build.0 = Release|Any CPU
		{CEB8E430-5709-4248-8E12-7ABC4924D5DE}.Release|Mixed Platforms.ActiveCfg = Release|Any CPU
		{CEB8E430-5709-4248-8E12-7ABC4924D5DE}.Release|Mixed Platforms.Build.0 = Release|Any CPU
		{CEB8E430-5709-4248-8E12-7ABC4924D5DE}.Release|Win32.ActiveCfg = Release|Any CPU
		{ABB6E42D-9093-4128-8574-B05062A14B27}.Debug|Any CPU.ActiveCfg = Debug|Any CPU
		{ABB6E42D-9093-4128-8574-B05062A14B27}.Debug|Any CPU.Build.0 = Debug|Any CPU
		{ABB6E42D-9093-4128-8574-B05062A14B27}.Debug|Mixed Platforms.ActiveCfg = Debug|Any CPU
		{ABB6E42D-9093-4128-8574-B05062A14B27}.Debug|Mixed Platforms.Build.0 = Debug|Any CPU
		{ABB6E42D-9093-4128-8574-B05062A14B27}.Debug|Win32.ActiveCfg = Debug|Any CPU
		{ABB6E42D-9093-4128-8574-B05062A14B27}.Release|Any CPU.ActiveCfg = Release|Any CPU
		{ABB6E42D-9093-4128-8574-B05062A14B27}.Release|Any CPU.Build.0 = Release|Any CPU
		{ABB6E42D-9093-4128-8574-B05062A14B27}.Release|Mixed Platforms.ActiveCfg = Release|Any CPU
		{ABB6E42D-9093-4128-8574-B05062A14B27}.Release|Mixed Platforms.Build.0 = Release|Any CPU
		{ABB6E42D-9093-4128-8574-B05062A14B27}.Release|Win32.ActiveCfg = Release|Any CPU
		{131EB5F0-B1F1-4065-93F3-7360027AB113}.Debug|Any CPU.ActiveCfg = Debug|Any CPU
		{131EB5F0-B1F1-4065-93F3-7360027AB113}.Debug|Any CPU.Build.0 = Debug|Any CPU
		{131EB5F0-B1F1-4065-93F3-7360027AB113}.Debug|Mixed Platforms.ActiveCfg = Debug|Any CPU
		{131EB5F0-B1F1-4065-93F3-7360027AB113}.Debug|Mixed Platforms.Build.0 = Debug|Any CPU
		{131EB5F0-B1F1-4065-93F3-7360027AB113}.Debug|Win32.ActiveCfg = Debug|Any CPU
		{131EB5F0-B1F1-4065-93F3-7360027AB113}.Release|Any CPU.ActiveCfg = Release|Any CPU
		{131EB5F0-B1F1-4065-93F3-7360027AB113}.Release|Any CPU.Build.0 = Release|Any CPU
		{131EB5F0-B1F1-4065-93F3-7360027AB113}.Release|Mixed Platforms.ActiveCfg = Release|Any CPU
		{131EB5F0-B1F1-4065-93F3-7360027AB113}.Release|Mixed Platforms.Build.0 = Release|Any CPU
		{131EB5F0-B1F1-4065-93F3-7360027AB113}.Release|Win32.ActiveCfg = Release|Any CPU
		{86357D25-164B-4271-8438-5A9352EBFC8B}.Debug|Any CPU.ActiveCfg = Debug|Any CPU
		{86357D25-164B-4271-8438-5A9352EBFC8B}.Debug|Any CPU.Build.0 = Debug|Any CPU
		{86357D25-164B-4271-8438-5A9352EBFC8B}.Debug|Mixed Platforms.ActiveCfg = Debug|Any CPU
		{86357D25-164B-4271-8438-5A9352EBFC8B}.Debug|Mixed Platforms.Build.0 = Debug|Any CPU
		{86357D25-164B-4271-8438-5A9352EBFC8B}.Debug|Win32.ActiveCfg = Debug|Any CPU
		{86357D25-164B-4271-8438-5A9352EBFC8B}.Release|Any CPU.ActiveCfg = Release|Any CPU
		{86357D25-164B-4271-8438-5A9352EBFC8B}.Release|Any CPU.Build.0 = Release|Any CPU
		{86357D25-164B-4271-8438-5A9352EBFC8B}.Release|Mixed Platforms.ActiveCfg = Release|Any CPU
		{86357D25-164B-4271-8438-5A9352EBFC8B}.Release|Mixed Platforms.Build.0 = Release|Any CPU
		{86357D25-164B-4271-8438-5A9352EBFC8B}.Release|Win32.ActiveCfg = Release|Any CPU
		{9D22D551-BF7D-43FC-9957-ACD65D1E6A50}.Debug|Any CPU.ActiveCfg = Debug|Any CPU
		{9D22D551-BF7D-43FC-9957-ACD65D1E6A50}.Debug|Any CPU.Build.0 = Debug|Any CPU
		{9D22D551-BF7D-43FC-9957-ACD65D1E6A50}.Debug|Mixed Platforms.ActiveCfg = Debug|Any CPU
		{9D22D551-BF7D-43FC-9957-ACD65D1E6A50}.Debug|Mixed Platforms.Build.0 = Debug|Any CPU
		{9D22D551-BF7D-43FC-9957-ACD65D1E6A50}.Debug|Win32.ActiveCfg = Debug|Any CPU
		{9D22D551-BF7D-43FC-9957-ACD65D1E6A50}.Release|Any CPU.ActiveCfg = Release|Any CPU
		{9D22D551-BF7D-43FC-9957-ACD65D1E6A50}.Release|Any CPU.Build.0 = Release|Any CPU
		{9D22D551-BF7D-43FC-9957-ACD65D1E6A50}.Release|Mixed Platforms.ActiveCfg = Release|Any CPU
		{9D22D551-BF7D-43FC-9957-ACD65D1E6A50}.Release|Mixed Platforms.Build.0 = Release|Any CPU
		{9D22D551-BF7D-43FC-9957-ACD65D1E6A50}.Release|Win32.ActiveCfg = Release|Any CPU
		{1D4BF146-5C72-4D49-8D03-E8ED6CC2EC8B}.Debug|Any CPU.ActiveCfg = Debug|Any CPU
		{1D4BF146-5C72-4D49-8D03-E8ED6CC2EC8B}.Debug|Any CPU.Build.0 = Debug|Any CPU
		{1D4BF146-5C72-4D49-8D03-E8ED6CC2EC8B}.Debug|Mixed Platforms.ActiveCfg = Debug|Any CPU
		{1D4BF146-5C72-4D49-8D03-E8ED6CC2EC8B}.Debug|Mixed Platforms.Build.0 = Debug|Any CPU
		{1D4BF146-5C72-4D49-8D03-E8ED6CC2EC8B}.Debug|Win32.ActiveCfg = Debug|Any CPU
		{1D4BF146-5C72-4D49-8D03-E8ED6CC2EC8B}.Release|Any CPU.ActiveCfg = Release|Any CPU
		{1D4BF146-5C72-4D49-8D03-E8ED6CC2EC8B}.Release|Any CPU.Build.0 = Release|Any CPU
		{1D4BF146-5C72-4D49-8D03-E8ED6CC2EC8B}.Release|Mixed Platforms.ActiveCfg = Release|Any CPU
		{1D4BF146-5C72-4D49-8D03-E8ED6CC2EC8B}.Release|Mixed Platforms.Build.0 = Release|Any CPU
		{1D4BF146-5C72-4D49-8D03-E8ED6CC2EC8B}.Release|Win32.ActiveCfg = Release|Any CPU
		{6FD73310-9702-4DE3-8722-C2E0736A7052}.Debug|Any CPU.ActiveCfg = Debug|Any CPU
		{6FD73310-9702-4DE3-8722-C2E0736A7052}.Debug|Any CPU.Build.0 = Debug|Any CPU
		{6FD73310-9702-4DE3-8722-C2E0736A7052}.Debug|Mixed Platforms.ActiveCfg = Debug|Any CPU
		{6FD73310-9702-4DE3-8722-C2E0736A7052}.Debug|Mixed Platforms.Build.0 = Debug|Any CPU
		{6FD73310-9702-4DE3-8722-C2E0736A7052}.Debug|Win32.ActiveCfg = Debug|Any CPU
		{6FD73310-9702-4DE3-8722-C2E0736A7052}.Release|Any CPU.ActiveCfg = Release|Any CPU
		{6FD73310-9702-4DE3-8722-C2E0736A7052}.Release|Any CPU.Build.0 = Release|Any CPU
		{6FD73310-9702-4DE3-8722-C2E0736A7052}.Release|Mixed Platforms.ActiveCfg = Release|Any CPU
		{6FD73310-9702-4DE3-8722-C2E0736A7052}.Release|Mixed Platforms.Build.0 = Release|Any CPU
		{6FD73310-9702-4DE3-8722-C2E0736A7052}.Release|Win32.ActiveCfg = Release|Any CPU
		{9EB27D02-510D-45B5-BDE1-24D58BEB8A86}.Debug|Any CPU.ActiveCfg = Debug|Any CPU
		{9EB27D02-510D-45B5-BDE1-24D58BEB8A86}.Debug|Any CPU.Build.0 = Debug|Any CPU
		{9EB27D02-510D-45B5-BDE1-24D58BEB8A86}.Debug|Mixed Platforms.ActiveCfg = Debug|Any CPU
		{9EB27D02-510D-45B5-BDE1-24D58BEB8A86}.Debug|Mixed Platforms.Build.0 = Debug|Any CPU
		{9EB27D02-510D-45B5-BDE1-24D58BEB8A86}.Debug|Win32.ActiveCfg = Debug|Any CPU
		{9EB27D02-510D-45B5-BDE1-24D58BEB8A86}.Release|Any CPU.ActiveCfg = Release|Any CPU
		{9EB27D02-510D-45B5-BDE1-24D58BEB8A86}.Release|Any CPU.Build.0 = Release|Any CPU
		{9EB27D02-510D-45B5-BDE1-24D58BEB8A86}.Release|Mixed Platforms.ActiveCfg = Release|Any CPU
		{9EB27D02-510D-45B5-BDE1-24D58BEB8A86}.Release|Mixed Platforms.Build.0 = Release|Any CPU
		{9EB27D02-510D-45B5-BDE1-24D58BEB8A86}.Release|Win32.ActiveCfg = Release|Any CPU
		{124D3829-5D87-46C5-81C8-47B04FF5797B}.Debug|Any CPU.ActiveCfg = Debug|Any CPU
		{124D3829-5D87-46C5-81C8-47B04FF5797B}.Debug|Any CPU.Build.0 = Debug|Any CPU
		{124D3829-5D87-46C5-81C8-47B04FF5797B}.Debug|Mixed Platforms.ActiveCfg = Debug|Any CPU
		{124D3829-5D87-46C5-81C8-47B04FF5797B}.Debug|Mixed Platforms.Build.0 = Debug|Any CPU
		{124D3829-5D87-46C5-81C8-47B04FF5797B}.Debug|Win32.ActiveCfg = Debug|Any CPU
		{124D3829-5D87-46C5-81C8-47B04FF5797B}.Release|Any CPU.ActiveCfg = Release|Any CPU
		{124D3829-5D87-46C5-81C8-47B04FF5797B}.Release|Any CPU.Build.0 = Release|Any CPU
		{124D3829-5D87-46C5-81C8-47B04FF5797B}.Release|Mixed Platforms.ActiveCfg = Release|Any CPU
		{124D3829-5D87-46C5-81C8-47B04FF5797B}.Release|Mixed Platforms.Build.0 = Release|Any CPU
		{124D3829-5D87-46C5-81C8-47B04FF5797B}.Release|Win32.ActiveCfg = Release|Any CPU
		{F77FE5C3-6D2F-4B50-A4D6-6134C2AD5954}.Debug|Any CPU.ActiveCfg = Debug|Any CPU
		{F77FE5C3-6D2F-4B50-A4D6-6134C2AD5954}.Debug|Any CPU.Build.0 = Debug|Any CPU
		{F77FE5C3-6D2F-4B50-A4D6-6134C2AD5954}.Debug|Mixed Platforms.ActiveCfg = Debug|Any CPU
		{F77FE5C3-6D2F-4B50-A4D6-6134C2AD5954}.Debug|Mixed Platforms.Build.0 = Debug|Any CPU
		{F77FE5C3-6D2F-4B50-A4D6-6134C2AD5954}.Debug|Win32.ActiveCfg = Debug|Any CPU
		{F77FE5C3-6D2F-4B50-A4D6-6134C2AD5954}.Release|Any CPU.ActiveCfg = Release|Any CPU
		{F77FE5C3-6D2F-4B50-A4D6-6134C2AD5954}.Release|Any CPU.Build.0 = Release|Any CPU
		{F77FE5C3-6D2F-4B50-A4D6-6134C2AD5954}.Release|Mixed Platforms.ActiveCfg = Release|Any CPU
		{F77FE5C3-6D2F-4B50-A4D6-6134C2AD5954}.Release|Mixed Platforms.Build.0 = Release|Any CPU
		{F77FE5C3-6D2F-4B50-A4D6-6134C2AD5954}.Release|Win32.ActiveCfg = Release|Any CPU
		{74169EC1-3D46-4BB4-989F-80B11A782308}.Debug|Any CPU.ActiveCfg = Debug|Any CPU
		{74169EC1-3D46-4BB4-989F-80B11A782308}.Debug|Any CPU.Build.0 = Debug|Any CPU
		{74169EC1-3D46-4BB4-989F-80B11A782308}.Debug|Mixed Platforms.ActiveCfg = Debug|Any CPU
		{74169EC1-3D46-4BB4-989F-80B11A782308}.Debug|Mixed Platforms.Build.0 = Debug|Any CPU
		{74169EC1-3D46-4BB4-989F-80B11A782308}.Debug|Win32.ActiveCfg = Debug|Any CPU
		{74169EC1-3D46-4BB4-989F-80B11A782308}.Release|Any CPU.ActiveCfg = Release|Any CPU
		{74169EC1-3D46-4BB4-989F-80B11A782308}.Release|Any CPU.Build.0 = Release|Any CPU
		{74169EC1-3D46-4BB4-989F-80B11A782308}.Release|Mixed Platforms.ActiveCfg = Release|Any CPU
		{74169EC1-3D46-4BB4-989F-80B11A782308}.Release|Mixed Platforms.Build.0 = Release|Any CPU
		{74169EC1-3D46-4BB4-989F-80B11A782308}.Release|Win32.ActiveCfg = Release|Any CPU
		{970B8004-794A-45A9-89BF-1DA677F2FC68}.Debug|Any CPU.ActiveCfg = Debug|Any CPU
		{970B8004-794A-45A9-89BF-1DA677F2FC68}.Debug|Any CPU.Build.0 = Debug|Any CPU
		{970B8004-794A-45A9-89BF-1DA677F2FC68}.Debug|Mixed Platforms.ActiveCfg = Debug|Any CPU
		{970B8004-794A-45A9-89BF-1DA677F2FC68}.Debug|Mixed Platforms.Build.0 = Debug|Any CPU
		{970B8004-794A-45A9-89BF-1DA677F2FC68}.Debug|Win32.ActiveCfg = Debug|Any CPU
		{970B8004-794A-45A9-89BF-1DA677F2FC68}.Release|Any CPU.ActiveCfg = Release|Any CPU
		{970B8004-794A-45A9-89BF-1DA677F2FC68}.Release|Any CPU.Build.0 = Release|Any CPU
		{970B8004-794A-45A9-89BF-1DA677F2FC68}.Release|Mixed Platforms.ActiveCfg = Release|Any CPU
		{970B8004-794A-45A9-89BF-1DA677F2FC68}.Release|Mixed Platforms.Build.0 = Release|Any CPU
		{970B8004-794A-45A9-89BF-1DA677F2FC68}.Release|Win32.ActiveCfg = Release|Any CPU
		{AC6AD921-828C-484F-B746-BACFEC5CD856}.Debug|Any CPU.ActiveCfg = Debug|Any CPU
		{AC6AD921-828C-484F-B746-BACFEC5CD856}.Debug|Any CPU.Build.0 = Debug|Any CPU
		{AC6AD921-828C-484F-B746-BACFEC5CD856}.Debug|Mixed Platforms.ActiveCfg = Debug|Any CPU
		{AC6AD921-828C-484F-B746-BACFEC5CD856}.Debug|Mixed Platforms.Build.0 = Debug|Any CPU
		{AC6AD921-828C-484F-B746-BACFEC5CD856}.Debug|Win32.ActiveCfg = Debug|Any CPU
		{AC6AD921-828C-484F-B746-BACFEC5CD856}.Debug|Win32.Build.0 = Debug|Any CPU
		{AC6AD921-828C-484F-B746-BACFEC5CD856}.Release|Any CPU.ActiveCfg = Release|Any CPU
		{AC6AD921-828C-484F-B746-BACFEC5CD856}.Release|Any CPU.Build.0 = Release|Any CPU
		{AC6AD921-828C-484F-B746-BACFEC5CD856}.Release|Mixed Platforms.ActiveCfg = Release|Any CPU
		{AC6AD921-828C-484F-B746-BACFEC5CD856}.Release|Mixed Platforms.Build.0 = Release|Any CPU
		{AC6AD921-828C-484F-B746-BACFEC5CD856}.Release|Win32.ActiveCfg = Release|Any CPU
		{AC6AD921-828C-484F-B746-BACFEC5CD856}.Release|Win32.Build.0 = Release|Any CPU
		{1E1D74D2-0A2F-4C10-A3E3-B9F1F6D8E3E1}.Debug|Any CPU.ActiveCfg = Debug|Any CPU
		{1E1D74D2-0A2F-4C10-A3E3-B9F1F6D8E3E1}.Debug|Any CPU.Build.0 = Debug|Any CPU
		{1E1D74D2-0A2F-4C10-A3E3-B9F1F6D8E3E1}.Debug|Mixed Platforms.ActiveCfg = Debug|Any CPU
		{1E1D74D2-0A2F-4C10-A3E3-B9F1F6D8E3E1}.Debug|Mixed Platforms.Build.0 = Debug|Any CPU
		{1E1D74D2-0A2F-4C10-A3E3-B9F1F6D8E3E1}.Debug|Win32.ActiveCfg = Debug|Any CPU
		{1E1D74D2-0A2F-4C10-A3E3-B9F1F6D8E3E1}.Debug|Win32.Build.0 = Debug|Any CPU
		{1E1D74D2-0A2F-4C10-A3E3-B9F1F6D8E3E1}.Release|Any CPU.ActiveCfg = Release|Any CPU
		{1E1D74D2-0A2F-4C10-A3E3-B9F1F6D8E3E1}.Release|Any CPU.Build.0 = Release|Any CPU
		{1E1D74D2-0A2F-4C10-A3E3-B9F1F6D8E3E1}.Release|Mixed Platforms.ActiveCfg = Release|Any CPU
		{1E1D74D2-0A2F-4C10-A3E3-B9F1F6D8E3E1}.Release|Mixed Platforms.Build.0 = Release|Any CPU
		{1E1D74D2-0A2F-4C10-A3E3-B9F1F6D8E3E1}.Release|Win32.ActiveCfg = Release|Any CPU
		{1E1D74D2-0A2F-4C10-A3E3-B9F1F6D8E3E1}.Release|Win32.Build.0 = Release|Any CPU
		{4164FEBA-40CF-43C8-B055-AB13A78AD1A4}.Debug|Any CPU.ActiveCfg = Debug|Any CPU
		{4164FEBA-40CF-43C8-B055-AB13A78AD1A4}.Debug|Any CPU.Build.0 = Debug|Any CPU
		{4164FEBA-40CF-43C8-B055-AB13A78AD1A4}.Debug|Mixed Platforms.ActiveCfg = Debug|Any CPU
		{4164FEBA-40CF-43C8-B055-AB13A78AD1A4}.Debug|Mixed Platforms.Build.0 = Debug|Any CPU
		{4164FEBA-40CF-43C8-B055-AB13A78AD1A4}.Debug|Win32.ActiveCfg = Debug|Any CPU
		{4164FEBA-40CF-43C8-B055-AB13A78AD1A4}.Debug|Win32.Build.0 = Debug|Any CPU
		{4164FEBA-40CF-43C8-B055-AB13A78AD1A4}.Release|Any CPU.ActiveCfg = Release|Any CPU
		{4164FEBA-40CF-43C8-B055-AB13A78AD1A4}.Release|Any CPU.Build.0 = Release|Any CPU
		{4164FEBA-40CF-43C8-B055-AB13A78AD1A4}.Release|Mixed Platforms.ActiveCfg = Release|Any CPU
		{4164FEBA-40CF-43C8-B055-AB13A78AD1A4}.Release|Mixed Platforms.Build.0 = Release|Any CPU
		{4164FEBA-40CF-43C8-B055-AB13A78AD1A4}.Release|Win32.ActiveCfg = Release|Any CPU
		{4164FEBA-40CF-43C8-B055-AB13A78AD1A4}.Release|Win32.Build.0 = Release|Any CPU
		{002F1AE2-64D0-40B3-9BE8-337C1C8944B1}.Debug|Any CPU.ActiveCfg = Debug|Any CPU
		{002F1AE2-64D0-40B3-9BE8-337C1C8944B1}.Debug|Any CPU.Build.0 = Debug|Any CPU
		{002F1AE2-64D0-40B3-9BE8-337C1C8944B1}.Debug|Mixed Platforms.ActiveCfg = Debug|Any CPU
		{002F1AE2-64D0-40B3-9BE8-337C1C8944B1}.Debug|Mixed Platforms.Build.0 = Debug|Any CPU
		{002F1AE2-64D0-40B3-9BE8-337C1C8944B1}.Debug|Win32.ActiveCfg = Debug|Any CPU
		{002F1AE2-64D0-40B3-9BE8-337C1C8944B1}.Debug|Win32.Build.0 = Debug|Any CPU
		{002F1AE2-64D0-40B3-9BE8-337C1C8944B1}.Release|Any CPU.ActiveCfg = Release|Any CPU
		{002F1AE2-64D0-40B3-9BE8-337C1C8944B1}.Release|Any CPU.Build.0 = Release|Any CPU
		{002F1AE2-64D0-40B3-9BE8-337C1C8944B1}.Release|Mixed Platforms.ActiveCfg = Release|Any CPU
		{002F1AE2-64D0-40B3-9BE8-337C1C8944B1}.Release|Mixed Platforms.Build.0 = Release|Any CPU
		{002F1AE2-64D0-40B3-9BE8-337C1C8944B1}.Release|Win32.ActiveCfg = Release|Any CPU
		{002F1AE2-64D0-40B3-9BE8-337C1C8944B1}.Release|Win32.Build.0 = Release|Any CPU
		{9C8D53DD-FE21-4142-802B-25FCE61CD2A5}.Debug|Any CPU.ActiveCfg = Debug|Any CPU
		{9C8D53DD-FE21-4142-802B-25FCE61CD2A5}.Debug|Any CPU.Build.0 = Debug|Any CPU
		{9C8D53DD-FE21-4142-802B-25FCE61CD2A5}.Debug|Mixed Platforms.ActiveCfg = Debug|Any CPU
		{9C8D53DD-FE21-4142-802B-25FCE61CD2A5}.Debug|Mixed Platforms.Build.0 = Debug|Any CPU
		{9C8D53DD-FE21-4142-802B-25FCE61CD2A5}.Debug|Win32.ActiveCfg = Debug|Any CPU
		{9C8D53DD-FE21-4142-802B-25FCE61CD2A5}.Debug|Win32.Build.0 = Debug|Any CPU
		{9C8D53DD-FE21-4142-802B-25FCE61CD2A5}.Release|Any CPU.ActiveCfg = Release|Any CPU
		{9C8D53DD-FE21-4142-802B-25FCE61CD2A5}.Release|Any CPU.Build.0 = Release|Any CPU
		{9C8D53DD-FE21-4142-802B-25FCE61CD2A5}.Release|Mixed Platforms.ActiveCfg = Release|Any CPU
		{9C8D53DD-FE21-4142-802B-25FCE61CD2A5}.Release|Mixed Platforms.Build.0 = Release|Any CPU
		{9C8D53DD-FE21-4142-802B-25FCE61CD2A5}.Release|Win32.ActiveCfg = Release|Any CPU
		{9C8D53DD-FE21-4142-802B-25FCE61CD2A5}.Release|Win32.Build.0 = Release|Any CPU
		{6EB11F48-D4B9-4492-83FA-C413728AC0A3}.Debug|Any CPU.ActiveCfg = Debug|Any CPU
		{6EB11F48-D4B9-4492-83FA-C413728AC0A3}.Debug|Any CPU.Build.0 = Debug|Any CPU
		{6EB11F48-D4B9-4492-83FA-C413728AC0A3}.Debug|Mixed Platforms.ActiveCfg = Debug|Any CPU
		{6EB11F48-D4B9-4492-83FA-C413728AC0A3}.Debug|Mixed Platforms.Build.0 = Debug|Any CPU
		{6EB11F48-D4B9-4492-83FA-C413728AC0A3}.Debug|Win32.ActiveCfg = Debug|Any CPU
		{6EB11F48-D4B9-4492-83FA-C413728AC0A3}.Debug|Win32.Build.0 = Debug|Any CPU
		{6EB11F48-D4B9-4492-83FA-C413728AC0A3}.Release|Any CPU.ActiveCfg = Release|Any CPU
		{6EB11F48-D4B9-4492-83FA-C413728AC0A3}.Release|Any CPU.Build.0 = Release|Any CPU
		{6EB11F48-D4B9-4492-83FA-C413728AC0A3}.Release|Mixed Platforms.ActiveCfg = Release|Any CPU
		{6EB11F48-D4B9-4492-83FA-C413728AC0A3}.Release|Mixed Platforms.Build.0 = Release|Any CPU
		{6EB11F48-D4B9-4492-83FA-C413728AC0A3}.Release|Win32.ActiveCfg = Release|Any CPU
		{6EB11F48-D4B9-4492-83FA-C413728AC0A3}.Release|Win32.Build.0 = Release|Any CPU
		{DFA186EB-7AA2-4D1C-8070-887700DF8DD9}.Debug|Any CPU.ActiveCfg = Debug|Any CPU
		{DFA186EB-7AA2-4D1C-8070-887700DF8DD9}.Debug|Any CPU.Build.0 = Debug|Any CPU
		{DFA186EB-7AA2-4D1C-8070-887700DF8DD9}.Debug|Mixed Platforms.ActiveCfg = Debug|Any CPU
		{DFA186EB-7AA2-4D1C-8070-887700DF8DD9}.Debug|Mixed Platforms.Build.0 = Debug|Any CPU
		{DFA186EB-7AA2-4D1C-8070-887700DF8DD9}.Debug|Win32.ActiveCfg = Debug|Any CPU
		{DFA186EB-7AA2-4D1C-8070-887700DF8DD9}.Debug|Win32.Build.0 = Debug|Any CPU
		{DFA186EB-7AA2-4D1C-8070-887700DF8DD9}.Release|Any CPU.ActiveCfg = Release|Any CPU
		{DFA186EB-7AA2-4D1C-8070-887700DF8DD9}.Release|Any CPU.Build.0 = Release|Any CPU
		{DFA186EB-7AA2-4D1C-8070-887700DF8DD9}.Release|Mixed Platforms.ActiveCfg = Release|Any CPU
		{DFA186EB-7AA2-4D1C-8070-887700DF8DD9}.Release|Mixed Platforms.Build.0 = Release|Any CPU
		{DFA186EB-7AA2-4D1C-8070-887700DF8DD9}.Release|Win32.ActiveCfg = Release|Any CPU
		{DFA186EB-7AA2-4D1C-8070-887700DF8DD9}.Release|Win32.Build.0 = Release|Any CPU
	EndGlobalSection
	GlobalSection(SolutionProperties) = preSolution
		HideSolutionNode = FALSE
	EndGlobalSection
	GlobalSection(NestedProjects) = preSolution
		{86969290-3921-4D3E-9168-0380D55B547A} = {BB6E29FC-3E94-492C-82E2-1688207CF0C4}
		{CE4661CE-ECC6-4A10-9E3E-CFD1E9C01DFE} = {56E8733C-E46A-4133-9D57-D054E8BE0BC3}
		{CEB8E430-5709-4248-8E12-7ABC4924D5DE} = {BB6E29FC-3E94-492C-82E2-1688207CF0C4}
		{ABB6E42D-9093-4128-8574-B05062A14B27} = {F080A2E3-3100-4F67-BD5D-DA5CB37E8B45}
		{131EB5F0-B1F1-4065-93F3-7360027AB113} = {F080A2E3-3100-4F67-BD5D-DA5CB37E8B45}
		{86357D25-164B-4271-8438-5A9352EBFC8B} = {F080A2E3-3100-4F67-BD5D-DA5CB37E8B45}
		{9D22D551-BF7D-43FC-9957-ACD65D1E6A50} = {56E8733C-E46A-4133-9D57-D054E8BE0BC3}
		{6FD73310-9702-4DE3-8722-C2E0736A7052} = {F080A2E3-3100-4F67-BD5D-DA5CB37E8B45}
		{9EB27D02-510D-45B5-BDE1-24D58BEB8A86} = {F080A2E3-3100-4F67-BD5D-DA5CB37E8B45}
		{124D3829-5D87-46C5-81C8-47B04FF5797B} = {F080A2E3-3100-4F67-BD5D-DA5CB37E8B45}
		{F77FE5C3-6D2F-4B50-A4D6-6134C2AD5954} = {F080A2E3-3100-4F67-BD5D-DA5CB37E8B45}
		{AC6AD921-828C-484F-B746-BACFEC5CD856} = {BB6E29FC-3E94-492C-82E2-1688207CF0C4}
		{1E1D74D2-0A2F-4C10-A3E3-B9F1F6D8E3E1} = {BB6E29FC-3E94-492C-82E2-1688207CF0C4}
		{4164FEBA-40CF-43C8-B055-AB13A78AD1A4} = {BB6E29FC-3E94-492C-82E2-1688207CF0C4}
		{002F1AE2-64D0-40B3-9BE8-337C1C8944B1} = {BB6E29FC-3E94-492C-82E2-1688207CF0C4}
		{9C8D53DD-FE21-4142-802B-25FCE61CD2A5} = {BB6E29FC-3E94-492C-82E2-1688207CF0C4}
		{6EB11F48-D4B9-4492-83FA-C413728AC0A3} = {BB6E29FC-3E94-492C-82E2-1688207CF0C4}
		{DFA186EB-7AA2-4D1C-8070-887700DF8DD9} = {BB6E29FC-3E94-492C-82E2-1688207CF0C4}
	EndGlobalSection
	GlobalSection(TestCaseManagementSettings) = postSolution
		CategoryFile = BigEgg.Core.vsmdi
	EndGlobalSection
EndGlobal
